// !$*UTF8*$!
{
	archiveVersion = 1;
	classes = {
	};
	objectVersion = 50;
	objects = {

/* Begin PBXBuildFile section */
		2581669F2366436D0039FDE1 /* LuizaTemp.storyboard in Resources */ = {isa = PBXBuildFile; fileRef = 2581669E2366436D0039FDE1 /* LuizaTemp.storyboard */; };
		258166A1236645EF0039FDE1 /* MainTableViewController.swift in Sources */ = {isa = PBXBuildFile; fileRef = 258166A0236645EF0039FDE1 /* MainTableViewController.swift */; };
		BEDC204B2381A54D0066333F /* MeditationFeedViewController.swift in Sources */ = {isa = PBXBuildFile; fileRef = BEDC204A2381A54D0066333F /* MeditationFeedViewController.swift */; };
		BEF46ACA2381ACA500D57635 /* MeditationCollectionViewCell.swift in Sources */ = {isa = PBXBuildFile; fileRef = BEF46AC82381ACA500D57635 /* MeditationCollectionViewCell.swift */; };
		BEF46ACB2381ACA500D57635 /* MeditationCollectionViewCell.xib in Resources */ = {isa = PBXBuildFile; fileRef = BEF46AC92381ACA500D57635 /* MeditationCollectionViewCell.xib */; };
		BEF46ACE2381ACB200D57635 /* PastMeditationCollectionViewCell.swift in Sources */ = {isa = PBXBuildFile; fileRef = BEF46ACC2381ACB200D57635 /* PastMeditationCollectionViewCell.swift */; };
		BEF46ACF2381ACB200D57635 /* PastMeditationCollectionViewCell.xib in Resources */ = {isa = PBXBuildFile; fileRef = BEF46ACD2381ACB200D57635 /* PastMeditationCollectionViewCell.xib */; };
		BEF46AD12381D70300D57635 /* Meditation.swift in Sources */ = {isa = PBXBuildFile; fileRef = BEF46AD02381D70300D57635 /* Meditation.swift */; };
		BEF46AD32381D80A00D57635 /* Items.swift in Sources */ = {isa = PBXBuildFile; fileRef = BEF46AD22381D80A00D57635 /* Items.swift */; };
		C7AC6A8923663D2F00542250 /* AppDelegate.swift in Sources */ = {isa = PBXBuildFile; fileRef = C7AC6A8823663D2F00542250 /* AppDelegate.swift */; };
		C7AC6A8B23663D2F00542250 /* ViewController.swift in Sources */ = {isa = PBXBuildFile; fileRef = C7AC6A8A23663D2F00542250 /* ViewController.swift */; };
		C7AC6A8E23663D2F00542250 /* Main.storyboard in Resources */ = {isa = PBXBuildFile; fileRef = C7AC6A8C23663D2F00542250 /* Main.storyboard */; };
		C7AC6A9023663D3100542250 /* Assets.xcassets in Resources */ = {isa = PBXBuildFile; fileRef = C7AC6A8F23663D3100542250 /* Assets.xcassets */; };
		C7AC6A9323663D3100542250 /* LaunchScreen.storyboard in Resources */ = {isa = PBXBuildFile; fileRef = C7AC6A9123663D3100542250 /* LaunchScreen.storyboard */; };
		C7AC6A9E23663D3100542250 /* iMPRESENTTests.swift in Sources */ = {isa = PBXBuildFile; fileRef = C7AC6A9D23663D3100542250 /* iMPRESENTTests.swift */; };
		C7AC6AA923663D3100542250 /* iMPRESENTUITests.swift in Sources */ = {isa = PBXBuildFile; fileRef = C7AC6AA823663D3100542250 /* iMPRESENTUITests.swift */; };
		C80F9A08237F1F5800488E69 /* CustomSlider.swift in Sources */ = {isa = PBXBuildFile; fileRef = C80F9A07237F1F5800488E69 /* CustomSlider.swift */; };
		C8A2C6F223664B1600411435 /* IntroViewController.swift in Sources */ = {isa = PBXBuildFile; fileRef = C8A2C6F123664B1600411435 /* IntroViewController.swift */; };
		C8A2C6F4236692F500411435 /* StressLevelViewController.swift in Sources */ = {isa = PBXBuildFile; fileRef = C8A2C6F3236692F500411435 /* StressLevelViewController.swift */; };
/* End PBXBuildFile section */

/* Begin PBXContainerItemProxy section */
		C7AC6A9A23663D3100542250 /* PBXContainerItemProxy */ = {
			isa = PBXContainerItemProxy;
			containerPortal = C7AC6A7D23663D2F00542250 /* Project object */;
			proxyType = 1;
			remoteGlobalIDString = C7AC6A8423663D2F00542250;
			remoteInfo = iMPRESENT;
		};
		C7AC6AA523663D3100542250 /* PBXContainerItemProxy */ = {
			isa = PBXContainerItemProxy;
			containerPortal = C7AC6A7D23663D2F00542250 /* Project object */;
			proxyType = 1;
			remoteGlobalIDString = C7AC6A8423663D2F00542250;
			remoteInfo = iMPRESENT;
		};
/* End PBXContainerItemProxy section */

/* Begin PBXFileReference section */
		2581669E2366436D0039FDE1 /* LuizaTemp.storyboard */ = {isa = PBXFileReference; lastKnownFileType = file.storyboard; path = LuizaTemp.storyboard; sourceTree = "<group>"; };
		258166A0236645EF0039FDE1 /* MainTableViewController.swift */ = {isa = PBXFileReference; lastKnownFileType = sourcecode.swift; path = MainTableViewController.swift; sourceTree = "<group>"; };
		BEDC204A2381A54D0066333F /* MeditationFeedViewController.swift */ = {isa = PBXFileReference; lastKnownFileType = sourcecode.swift; path = MeditationFeedViewController.swift; sourceTree = "<group>"; };
		BEF46AC82381ACA500D57635 /* MeditationCollectionViewCell.swift */ = {isa = PBXFileReference; lastKnownFileType = sourcecode.swift; path = MeditationCollectionViewCell.swift; sourceTree = "<group>"; };
		BEF46AC92381ACA500D57635 /* MeditationCollectionViewCell.xib */ = {isa = PBXFileReference; lastKnownFileType = file.xib; path = MeditationCollectionViewCell.xib; sourceTree = "<group>"; };
		BEF46ACC2381ACB200D57635 /* PastMeditationCollectionViewCell.swift */ = {isa = PBXFileReference; lastKnownFileType = sourcecode.swift; path = PastMeditationCollectionViewCell.swift; sourceTree = "<group>"; };
		BEF46ACD2381ACB200D57635 /* PastMeditationCollectionViewCell.xib */ = {isa = PBXFileReference; lastKnownFileType = file.xib; path = PastMeditationCollectionViewCell.xib; sourceTree = "<group>"; };
		BEF46AD02381D70300D57635 /* Meditation.swift */ = {isa = PBXFileReference; lastKnownFileType = sourcecode.swift; path = Meditation.swift; sourceTree = "<group>"; };
		BEF46AD22381D80A00D57635 /* Items.swift */ = {isa = PBXFileReference; lastKnownFileType = sourcecode.swift; path = Items.swift; sourceTree = "<group>"; };
		C7AC6A8523663D2F00542250 /* iMPRESENT.app */ = {isa = PBXFileReference; explicitFileType = wrapper.application; includeInIndex = 0; path = iMPRESENT.app; sourceTree = BUILT_PRODUCTS_DIR; };
		C7AC6A8823663D2F00542250 /* AppDelegate.swift */ = {isa = PBXFileReference; lastKnownFileType = sourcecode.swift; path = AppDelegate.swift; sourceTree = "<group>"; };
		C7AC6A8A23663D2F00542250 /* ViewController.swift */ = {isa = PBXFileReference; lastKnownFileType = sourcecode.swift; path = ViewController.swift; sourceTree = "<group>"; };
		C7AC6A8D23663D2F00542250 /* Base */ = {isa = PBXFileReference; lastKnownFileType = file.storyboard; name = Base; path = Base.lproj/Main.storyboard; sourceTree = "<group>"; };
		C7AC6A8F23663D3100542250 /* Assets.xcassets */ = {isa = PBXFileReference; lastKnownFileType = folder.assetcatalog; path = Assets.xcassets; sourceTree = "<group>"; };
		C7AC6A9223663D3100542250 /* Base */ = {isa = PBXFileReference; lastKnownFileType = file.storyboard; name = Base; path = Base.lproj/LaunchScreen.storyboard; sourceTree = "<group>"; };
		C7AC6A9423663D3100542250 /* Info.plist */ = {isa = PBXFileReference; lastKnownFileType = text.plist.xml; path = Info.plist; sourceTree = "<group>"; };
		C7AC6A9923663D3100542250 /* iMPRESENTTests.xctest */ = {isa = PBXFileReference; explicitFileType = wrapper.cfbundle; includeInIndex = 0; path = iMPRESENTTests.xctest; sourceTree = BUILT_PRODUCTS_DIR; };
		C7AC6A9D23663D3100542250 /* iMPRESENTTests.swift */ = {isa = PBXFileReference; lastKnownFileType = sourcecode.swift; path = iMPRESENTTests.swift; sourceTree = "<group>"; };
		C7AC6A9F23663D3100542250 /* Info.plist */ = {isa = PBXFileReference; lastKnownFileType = text.plist.xml; path = Info.plist; sourceTree = "<group>"; };
		C7AC6AA423663D3100542250 /* iMPRESENTUITests.xctest */ = {isa = PBXFileReference; explicitFileType = wrapper.cfbundle; includeInIndex = 0; path = iMPRESENTUITests.xctest; sourceTree = BUILT_PRODUCTS_DIR; };
		C7AC6AA823663D3100542250 /* iMPRESENTUITests.swift */ = {isa = PBXFileReference; lastKnownFileType = sourcecode.swift; path = iMPRESENTUITests.swift; sourceTree = "<group>"; };
		C7AC6AAA23663D3100542250 /* Info.plist */ = {isa = PBXFileReference; lastKnownFileType = text.plist.xml; path = Info.plist; sourceTree = "<group>"; };
		C80F9A07237F1F5800488E69 /* CustomSlider.swift */ = {isa = PBXFileReference; lastKnownFileType = sourcecode.swift; path = CustomSlider.swift; sourceTree = "<group>"; };
		C8A2C6F123664B1600411435 /* IntroViewController.swift */ = {isa = PBXFileReference; lastKnownFileType = sourcecode.swift; path = IntroViewController.swift; sourceTree = "<group>"; };
		C8A2C6F3236692F500411435 /* StressLevelViewController.swift */ = {isa = PBXFileReference; lastKnownFileType = sourcecode.swift; path = StressLevelViewController.swift; sourceTree = "<group>"; };
/* End PBXFileReference section */

/* Begin PBXFrameworksBuildPhase section */
		C7AC6A8223663D2F00542250 /* Frameworks */ = {
			isa = PBXFrameworksBuildPhase;
			buildActionMask = 2147483647;
			files = (
			);
			runOnlyForDeploymentPostprocessing = 0;
		};
		C7AC6A9623663D3100542250 /* Frameworks */ = {
			isa = PBXFrameworksBuildPhase;
			buildActionMask = 2147483647;
			files = (
			);
			runOnlyForDeploymentPostprocessing = 0;
		};
		C7AC6AA123663D3100542250 /* Frameworks */ = {
			isa = PBXFrameworksBuildPhase;
			buildActionMask = 2147483647;
			files = (
			);
			runOnlyForDeploymentPostprocessing = 0;
		};
/* End PBXFrameworksBuildPhase section */

/* Begin PBXGroup section */
		BEDC204C2381A5540066333F /* Meditation Feed */ = {
			isa = PBXGroup;
			children = (
				BEDC204A2381A54D0066333F /* MeditationFeedViewController.swift */,
				BEF46AC82381ACA500D57635 /* MeditationCollectionViewCell.swift */,
				BEF46AC92381ACA500D57635 /* MeditationCollectionViewCell.xib */,
				BEF46ACC2381ACB200D57635 /* PastMeditationCollectionViewCell.swift */,
				BEF46ACD2381ACB200D57635 /* PastMeditationCollectionViewCell.xib */,
				BEF46AD02381D70300D57635 /* Meditation.swift */,
				BEF46AD22381D80A00D57635 /* Items.swift */,
			);
			path = "Meditation Feed";
			sourceTree = "<group>";
		};
		C7AC6A7C23663D2F00542250 = {
			isa = PBXGroup;
			children = (
				C7AC6A8723663D2F00542250 /* iMPRESENT */,
				C7AC6A9C23663D3100542250 /* iMPRESENTTests */,
				C7AC6AA723663D3100542250 /* iMPRESENTUITests */,
				C7AC6A8623663D2F00542250 /* Products */,
			);
			sourceTree = "<group>";
		};
		C7AC6A8623663D2F00542250 /* Products */ = {
			isa = PBXGroup;
			children = (
				C7AC6A8523663D2F00542250 /* iMPRESENT.app */,
				C7AC6A9923663D3100542250 /* iMPRESENTTests.xctest */,
				C7AC6AA423663D3100542250 /* iMPRESENTUITests.xctest */,
			);
			name = Products;
			sourceTree = "<group>";
		};
		C7AC6A8723663D2F00542250 /* iMPRESENT */ = {
			isa = PBXGroup;
			children = (
				C7AC6A8823663D2F00542250 /* AppDelegate.swift */,
				C7AC6A8A23663D2F00542250 /* ViewController.swift */,
				258166A0236645EF0039FDE1 /* MainTableViewController.swift */,
				C7AC6A8C23663D2F00542250 /* Main.storyboard */,
				BEDC204C2381A5540066333F /* Meditation Feed */,
				2581669E2366436D0039FDE1 /* LuizaTemp.storyboard */,
				C7AC6A8F23663D3100542250 /* Assets.xcassets */,
				C7AC6A9123663D3100542250 /* LaunchScreen.storyboard */,
				C7AC6A9423663D3100542250 /* Info.plist */,
				C8A2C6F123664B1600411435 /* IntroViewController.swift */,
				C8A2C6F3236692F500411435 /* StressLevelViewController.swift */,
				C80F9A07237F1F5800488E69 /* CustomSlider.swift */,
			);
			path = iMPRESENT;
			sourceTree = "<group>";
		};
		C7AC6A9C23663D3100542250 /* iMPRESENTTests */ = {
			isa = PBXGroup;
			children = (
				C7AC6A9D23663D3100542250 /* iMPRESENTTests.swift */,
				C7AC6A9F23663D3100542250 /* Info.plist */,
			);
			path = iMPRESENTTests;
			sourceTree = "<group>";
		};
		C7AC6AA723663D3100542250 /* iMPRESENTUITests */ = {
			isa = PBXGroup;
			children = (
				C7AC6AA823663D3100542250 /* iMPRESENTUITests.swift */,
				C7AC6AAA23663D3100542250 /* Info.plist */,
			);
			path = iMPRESENTUITests;
			sourceTree = "<group>";
		};
/* End PBXGroup section */

/* Begin PBXNativeTarget section */
		C7AC6A8423663D2F00542250 /* iMPRESENT */ = {
			isa = PBXNativeTarget;
			buildConfigurationList = C7AC6AAD23663D3100542250 /* Build configuration list for PBXNativeTarget "iMPRESENT" */;
			buildPhases = (
				C7AC6A8123663D2F00542250 /* Sources */,
				C7AC6A8223663D2F00542250 /* Frameworks */,
				C7AC6A8323663D2F00542250 /* Resources */,
			);
			buildRules = (
			);
			dependencies = (
			);
			name = iMPRESENT;
			productName = iMPRESENT;
			productReference = C7AC6A8523663D2F00542250 /* iMPRESENT.app */;
			productType = "com.apple.product-type.application";
		};
		C7AC6A9823663D3100542250 /* iMPRESENTTests */ = {
			isa = PBXNativeTarget;
			buildConfigurationList = C7AC6AB023663D3100542250 /* Build configuration list for PBXNativeTarget "iMPRESENTTests" */;
			buildPhases = (
				C7AC6A9523663D3100542250 /* Sources */,
				C7AC6A9623663D3100542250 /* Frameworks */,
				C7AC6A9723663D3100542250 /* Resources */,
			);
			buildRules = (
			);
			dependencies = (
				C7AC6A9B23663D3100542250 /* PBXTargetDependency */,
			);
			name = iMPRESENTTests;
			productName = iMPRESENTTests;
			productReference = C7AC6A9923663D3100542250 /* iMPRESENTTests.xctest */;
			productType = "com.apple.product-type.bundle.unit-test";
		};
		C7AC6AA323663D3100542250 /* iMPRESENTUITests */ = {
			isa = PBXNativeTarget;
			buildConfigurationList = C7AC6AB323663D3100542250 /* Build configuration list for PBXNativeTarget "iMPRESENTUITests" */;
			buildPhases = (
				C7AC6AA023663D3100542250 /* Sources */,
				C7AC6AA123663D3100542250 /* Frameworks */,
				C7AC6AA223663D3100542250 /* Resources */,
			);
			buildRules = (
			);
			dependencies = (
				C7AC6AA623663D3100542250 /* PBXTargetDependency */,
			);
			name = iMPRESENTUITests;
			productName = iMPRESENTUITests;
			productReference = C7AC6AA423663D3100542250 /* iMPRESENTUITests.xctest */;
			productType = "com.apple.product-type.bundle.ui-testing";
		};
/* End PBXNativeTarget section */

/* Begin PBXProject section */
		C7AC6A7D23663D2F00542250 /* Project object */ = {
			isa = PBXProject;
			attributes = {
				LastSwiftUpdateCheck = 1030;
				LastUpgradeCheck = 1030;
				ORGANIZATIONNAME = CodePlus;
				TargetAttributes = {
					C7AC6A8423663D2F00542250 = {
						CreatedOnToolsVersion = 10.3;
					};
					C7AC6A9823663D3100542250 = {
						CreatedOnToolsVersion = 10.3;
						TestTargetID = C7AC6A8423663D2F00542250;
					};
					C7AC6AA323663D3100542250 = {
						CreatedOnToolsVersion = 10.3;
						TestTargetID = C7AC6A8423663D2F00542250;
					};
				};
			};
			buildConfigurationList = C7AC6A8023663D2F00542250 /* Build configuration list for PBXProject "iMPRESENT" */;
			compatibilityVersion = "Xcode 9.3";
			developmentRegion = en;
			hasScannedForEncodings = 0;
			knownRegions = (
				en,
				Base,
			);
			mainGroup = C7AC6A7C23663D2F00542250;
			productRefGroup = C7AC6A8623663D2F00542250 /* Products */;
			projectDirPath = "";
			projectRoot = "";
			targets = (
				C7AC6A8423663D2F00542250 /* iMPRESENT */,
				C7AC6A9823663D3100542250 /* iMPRESENTTests */,
				C7AC6AA323663D3100542250 /* iMPRESENTUITests */,
			);
		};
/* End PBXProject section */

/* Begin PBXResourcesBuildPhase section */
		C7AC6A8323663D2F00542250 /* Resources */ = {
			isa = PBXResourcesBuildPhase;
			buildActionMask = 2147483647;
			files = (
				C7AC6A9323663D3100542250 /* LaunchScreen.storyboard in Resources */,
				BEF46ACB2381ACA500D57635 /* MeditationCollectionViewCell.xib in Resources */,
				C7AC6A9023663D3100542250 /* Assets.xcassets in Resources */,
				2581669F2366436D0039FDE1 /* LuizaTemp.storyboard in Resources */,
				BEF46ACF2381ACB200D57635 /* PastMeditationCollectionViewCell.xib in Resources */,
				C7AC6A8E23663D2F00542250 /* Main.storyboard in Resources */,
			);
			runOnlyForDeploymentPostprocessing = 0;
		};
		C7AC6A9723663D3100542250 /* Resources */ = {
			isa = PBXResourcesBuildPhase;
			buildActionMask = 2147483647;
			files = (
			);
			runOnlyForDeploymentPostprocessing = 0;
		};
		C7AC6AA223663D3100542250 /* Resources */ = {
			isa = PBXResourcesBuildPhase;
			buildActionMask = 2147483647;
			files = (
			);
			runOnlyForDeploymentPostprocessing = 0;
		};
/* End PBXResourcesBuildPhase section */

/* Begin PBXSourcesBuildPhase section */
		C7AC6A8123663D2F00542250 /* Sources */ = {
			isa = PBXSourcesBuildPhase;
			buildActionMask = 2147483647;
			files = (
				C8A2C6F223664B1600411435 /* IntroViewController.swift in Sources */,
				BEDC204B2381A54D0066333F /* MeditationFeedViewController.swift in Sources */,
				C80F9A08237F1F5800488E69 /* CustomSlider.swift in Sources */,
				C8A2C6F4236692F500411435 /* StressLevelViewController.swift in Sources */,
				BEF46ACE2381ACB200D57635 /* PastMeditationCollectionViewCell.swift in Sources */,
				BEF46AD32381D80A00D57635 /* Items.swift in Sources */,
				BEF46AD12381D70300D57635 /* Meditation.swift in Sources */,
				C7AC6A8B23663D2F00542250 /* ViewController.swift in Sources */,
				BEF46ACA2381ACA500D57635 /* MeditationCollectionViewCell.swift in Sources */,
				258166A1236645EF0039FDE1 /* MainTableViewController.swift in Sources */,
				C7AC6A8923663D2F00542250 /* AppDelegate.swift in Sources */,
			);
			runOnlyForDeploymentPostprocessing = 0;
		};
		C7AC6A9523663D3100542250 /* Sources */ = {
			isa = PBXSourcesBuildPhase;
			buildActionMask = 2147483647;
			files = (
				C7AC6A9E23663D3100542250 /* iMPRESENTTests.swift in Sources */,
			);
			runOnlyForDeploymentPostprocessing = 0;
		};
		C7AC6AA023663D3100542250 /* Sources */ = {
			isa = PBXSourcesBuildPhase;
			buildActionMask = 2147483647;
			files = (
				C7AC6AA923663D3100542250 /* iMPRESENTUITests.swift in Sources */,
			);
			runOnlyForDeploymentPostprocessing = 0;
		};
/* End PBXSourcesBuildPhase section */

/* Begin PBXTargetDependency section */
		C7AC6A9B23663D3100542250 /* PBXTargetDependency */ = {
			isa = PBXTargetDependency;
			target = C7AC6A8423663D2F00542250 /* iMPRESENT */;
			targetProxy = C7AC6A9A23663D3100542250 /* PBXContainerItemProxy */;
		};
		C7AC6AA623663D3100542250 /* PBXTargetDependency */ = {
			isa = PBXTargetDependency;
			target = C7AC6A8423663D2F00542250 /* iMPRESENT */;
			targetProxy = C7AC6AA523663D3100542250 /* PBXContainerItemProxy */;
		};
/* End PBXTargetDependency section */

/* Begin PBXVariantGroup section */
		C7AC6A8C23663D2F00542250 /* Main.storyboard */ = {
			isa = PBXVariantGroup;
			children = (
				C7AC6A8D23663D2F00542250 /* Base */,
			);
			name = Main.storyboard;
			sourceTree = "<group>";
		};
		C7AC6A9123663D3100542250 /* LaunchScreen.storyboard */ = {
			isa = PBXVariantGroup;
			children = (
				C7AC6A9223663D3100542250 /* Base */,
			);
			name = LaunchScreen.storyboard;
			sourceTree = "<group>";
		};
/* End PBXVariantGroup section */

/* Begin XCBuildConfiguration section */
		C7AC6AAB23663D3100542250 /* Debug */ = {
			isa = XCBuildConfiguration;
			buildSettings = {
				ALWAYS_SEARCH_USER_PATHS = NO;
				CLANG_ANALYZER_NONNULL = YES;
				CLANG_ANALYZER_NUMBER_OBJECT_CONVERSION = YES_AGGRESSIVE;
				CLANG_CXX_LANGUAGE_STANDARD = "gnu++14";
				CLANG_CXX_LIBRARY = "libc++";
				CLANG_ENABLE_MODULES = YES;
				CLANG_ENABLE_OBJC_ARC = YES;
				CLANG_ENABLE_OBJC_WEAK = YES;
				CLANG_WARN_BLOCK_CAPTURE_AUTORELEASING = YES;
				CLANG_WARN_BOOL_CONVERSION = YES;
				CLANG_WARN_COMMA = YES;
				CLANG_WARN_CONSTANT_CONVERSION = YES;
				CLANG_WARN_DEPRECATED_OBJC_IMPLEMENTATIONS = YES;
				CLANG_WARN_DIRECT_OBJC_ISA_USAGE = YES_ERROR;
				CLANG_WARN_DOCUMENTATION_COMMENTS = YES;
				CLANG_WARN_EMPTY_BODY = YES;
				CLANG_WARN_ENUM_CONVERSION = YES;
				CLANG_WARN_INFINITE_RECURSION = YES;
				CLANG_WARN_INT_CONVERSION = YES;
				CLANG_WARN_NON_LITERAL_NULL_CONVERSION = YES;
				CLANG_WARN_OBJC_IMPLICIT_RETAIN_SELF = YES;
				CLANG_WARN_OBJC_LITERAL_CONVERSION = YES;
				CLANG_WARN_OBJC_ROOT_CLASS = YES_ERROR;
				CLANG_WARN_RANGE_LOOP_ANALYSIS = YES;
				CLANG_WARN_STRICT_PROTOTYPES = YES;
				CLANG_WARN_SUSPICIOUS_MOVE = YES;
				CLANG_WARN_UNGUARDED_AVAILABILITY = YES_AGGRESSIVE;
				CLANG_WARN_UNREACHABLE_CODE = YES;
				CLANG_WARN__DUPLICATE_METHOD_MATCH = YES;
				CODE_SIGN_IDENTITY = "iPhone Developer";
				COPY_PHASE_STRIP = NO;
				DEBUG_INFORMATION_FORMAT = dwarf;
				ENABLE_STRICT_OBJC_MSGSEND = YES;
				ENABLE_TESTABILITY = YES;
				GCC_C_LANGUAGE_STANDARD = gnu11;
				GCC_DYNAMIC_NO_PIC = NO;
				GCC_NO_COMMON_BLOCKS = YES;
				GCC_OPTIMIZATION_LEVEL = 0;
				GCC_PREPROCESSOR_DEFINITIONS = (
					"DEBUG=1",
					"$(inherited)",
				);
				GCC_WARN_64_TO_32_BIT_CONVERSION = YES;
				GCC_WARN_ABOUT_RETURN_TYPE = YES_ERROR;
				GCC_WARN_UNDECLARED_SELECTOR = YES;
				GCC_WARN_UNINITIALIZED_AUTOS = YES_AGGRESSIVE;
				GCC_WARN_UNUSED_FUNCTION = YES;
				GCC_WARN_UNUSED_VARIABLE = YES;
				IPHONEOS_DEPLOYMENT_TARGET = 12.4;
				MTL_ENABLE_DEBUG_INFO = INCLUDE_SOURCE;
				MTL_FAST_MATH = YES;
				ONLY_ACTIVE_ARCH = YES;
				SDKROOT = iphoneos;
				SWIFT_ACTIVE_COMPILATION_CONDITIONS = DEBUG;
				SWIFT_OPTIMIZATION_LEVEL = "-Onone";
			};
			name = Debug;
		};
		C7AC6AAC23663D3100542250 /* Release */ = {
			isa = XCBuildConfiguration;
			buildSettings = {
				ALWAYS_SEARCH_USER_PATHS = NO;
				CLANG_ANALYZER_NONNULL = YES;
				CLANG_ANALYZER_NUMBER_OBJECT_CONVERSION = YES_AGGRESSIVE;
				CLANG_CXX_LANGUAGE_STANDARD = "gnu++14";
				CLANG_CXX_LIBRARY = "libc++";
				CLANG_ENABLE_MODULES = YES;
				CLANG_ENABLE_OBJC_ARC = YES;
				CLANG_ENABLE_OBJC_WEAK = YES;
				CLANG_WARN_BLOCK_CAPTURE_AUTORELEASING = YES;
				CLANG_WARN_BOOL_CONVERSION = YES;
				CLANG_WARN_COMMA = YES;
				CLANG_WARN_CONSTANT_CONVERSION = YES;
				CLANG_WARN_DEPRECATED_OBJC_IMPLEMENTATIONS = YES;
				CLANG_WARN_DIRECT_OBJC_ISA_USAGE = YES_ERROR;
				CLANG_WARN_DOCUMENTATION_COMMENTS = YES;
				CLANG_WARN_EMPTY_BODY = YES;
				CLANG_WARN_ENUM_CONVERSION = YES;
				CLANG_WARN_INFINITE_RECURSION = YES;
				CLANG_WARN_INT_CONVERSION = YES;
				CLANG_WARN_NON_LITERAL_NULL_CONVERSION = YES;
				CLANG_WARN_OBJC_IMPLICIT_RETAIN_SELF = YES;
				CLANG_WARN_OBJC_LITERAL_CONVERSION = YES;
				CLANG_WARN_OBJC_ROOT_CLASS = YES_ERROR;
				CLANG_WARN_RANGE_LOOP_ANALYSIS = YES;
				CLANG_WARN_STRICT_PROTOTYPES = YES;
				CLANG_WARN_SUSPICIOUS_MOVE = YES;
				CLANG_WARN_UNGUARDED_AVAILABILITY = YES_AGGRESSIVE;
				CLANG_WARN_UNREACHABLE_CODE = YES;
				CLANG_WARN__DUPLICATE_METHOD_MATCH = YES;
				CODE_SIGN_IDENTITY = "iPhone Developer";
				COPY_PHASE_STRIP = NO;
				DEBUG_INFORMATION_FORMAT = "dwarf-with-dsym";
				ENABLE_NS_ASSERTIONS = NO;
				ENABLE_STRICT_OBJC_MSGSEND = YES;
				GCC_C_LANGUAGE_STANDARD = gnu11;
				GCC_NO_COMMON_BLOCKS = YES;
				GCC_WARN_64_TO_32_BIT_CONVERSION = YES;
				GCC_WARN_ABOUT_RETURN_TYPE = YES_ERROR;
				GCC_WARN_UNDECLARED_SELECTOR = YES;
				GCC_WARN_UNINITIALIZED_AUTOS = YES_AGGRESSIVE;
				GCC_WARN_UNUSED_FUNCTION = YES;
				GCC_WARN_UNUSED_VARIABLE = YES;
				IPHONEOS_DEPLOYMENT_TARGET = 12.4;
				MTL_ENABLE_DEBUG_INFO = NO;
				MTL_FAST_MATH = YES;
				SDKROOT = iphoneos;
				SWIFT_COMPILATION_MODE = wholemodule;
				SWIFT_OPTIMIZATION_LEVEL = "-O";
				VALIDATE_PRODUCT = YES;
			};
			name = Release;
		};
		C7AC6AAE23663D3100542250 /* Debug */ = {
			isa = XCBuildConfiguration;
			buildSettings = {
				ASSETCATALOG_COMPILER_APPICON_NAME = AppIcon;
				CODE_SIGN_STYLE = Automatic;
				DEVELOPMENT_TEAM = QS3R4HPCQQ;
				INFOPLIST_FILE = iMPRESENT/Info.plist;
				LD_RUNPATH_SEARCH_PATHS = (
					"$(inherited)",
					"@executable_path/Frameworks",
				);
				PRODUCT_BUNDLE_IDENTIFIER = CodePlus.iMPRESENT;
				PRODUCT_NAME = "$(TARGET_NAME)";
				SWIFT_VERSION = 5.0;
				TARGETED_DEVICE_FAMILY = "1,2";
			};
			name = Debug;
		};
		C7AC6AAF23663D3100542250 /* Release */ = {
			isa = XCBuildConfiguration;
			buildSettings = {
				ASSETCATALOG_COMPILER_APPICON_NAME = AppIcon;
				CODE_SIGN_STYLE = Automatic;
				DEVELOPMENT_TEAM = QS3R4HPCQQ;
				INFOPLIST_FILE = iMPRESENT/Info.plist;
				LD_RUNPATH_SEARCH_PATHS = (
					"$(inherited)",
					"@executable_path/Frameworks",
				);
				PRODUCT_BUNDLE_IDENTIFIER = CodePlus.iMPRESENT;
				PRODUCT_NAME = "$(TARGET_NAME)";
				SWIFT_VERSION = 5.0;
				TARGETED_DEVICE_FAMILY = "1,2";
			};
			name = Release;
		};
		C7AC6AB123663D3100542250 /* Debug */ = {
			isa = XCBuildConfiguration;
			buildSettings = {
				ALWAYS_EMBED_SWIFT_STANDARD_LIBRARIES = YES;
				BUNDLE_LOADER = "$(TEST_HOST)";
				CODE_SIGN_STYLE = Automatic;
				INFOPLIST_FILE = iMPRESENTTests/Info.plist;
				LD_RUNPATH_SEARCH_PATHS = (
					"$(inherited)",
					"@executable_path/Frameworks",
					"@loader_path/Frameworks",
				);
				PRODUCT_BUNDLE_IDENTIFIER = CodePlus.iMPRESENTTests;
				PRODUCT_NAME = "$(TARGET_NAME)";
				SWIFT_VERSION = 5.0;
				TARGETED_DEVICE_FAMILY = "1,2";
				TEST_HOST = "$(BUILT_PRODUCTS_DIR)/iMPRESENT.app/iMPRESENT";
			};
			name = Debug;
		};
		C7AC6AB223663D3100542250 /* Release */ = {
			isa = XCBuildConfiguration;
			buildSettings = {
				ALWAYS_EMBED_SWIFT_STANDARD_LIBRARIES = YES;
				BUNDLE_LOADER = "$(TEST_HOST)";
				CODE_SIGN_STYLE = Automatic;
				INFOPLIST_FILE = iMPRESENTTests/Info.plist;
				LD_RUNPATH_SEARCH_PATHS = (
					"$(inherited)",
					"@executable_path/Frameworks",
					"@loader_path/Frameworks",
				);
				PRODUCT_BUNDLE_IDENTIFIER = CodePlus.iMPRESENTTests;
				PRODUCT_NAME = "$(TARGET_NAME)";
				SWIFT_VERSION = 5.0;
				TARGETED_DEVICE_FAMILY = "1,2";
				TEST_HOST = "$(BUILT_PRODUCTS_DIR)/iMPRESENT.app/iMPRESENT";
			};
			name = Release;
		};
		C7AC6AB423663D3100542250 /* Debug */ = {
			isa = XCBuildConfiguration;
			buildSettings = {
				ALWAYS_EMBED_SWIFT_STANDARD_LIBRARIES = YES;
				CODE_SIGN_STYLE = Automatic;
				INFOPLIST_FILE = iMPRESENTUITests/Info.plist;
				LD_RUNPATH_SEARCH_PATHS = (
					"$(inherited)",
					"@executable_path/Frameworks",
					"@loader_path/Frameworks",
				);
				PRODUCT_BUNDLE_IDENTIFIER = CodePlus.iMPRESENTUITests;
				PRODUCT_NAME = "$(TARGET_NAME)";
				SWIFT_VERSION = 5.0;
				TARGETED_DEVICE_FAMILY = "1,2";
				TEST_TARGET_NAME = iMPRESENT;
			};
			name = Debug;
		};
		C7AC6AB523663D3100542250 /* Release */ = {
			isa = XCBuildConfiguration;
			buildSettings = {
				ALWAYS_EMBED_SWIFT_STANDARD_LIBRARIES = YES;
				CODE_SIGN_STYLE = Automatic;
				INFOPLIST_FILE = iMPRESENTUITests/Info.plist;
				LD_RUNPATH_SEARCH_PATHS = (
					"$(inherited)",
					"@executable_path/Frameworks",
					"@loader_path/Frameworks",
				);
				PRODUCT_BUNDLE_IDENTIFIER = CodePlus.iMPRESENTUITests;
				PRODUCT_NAME = "$(TARGET_NAME)";
				SWIFT_VERSION = 5.0;
				TARGETED_DEVICE_FAMILY = "1,2";
				TEST_TARGET_NAME = iMPRESENT;
			};
			name = Release;
		};
/* End XCBuildConfiguration section */

/* Begin XCConfigurationList section */
		C7AC6A8023663D2F00542250 /* Build configuration list for PBXProject "iMPRESENT" */ = {
			isa = XCConfigurationList;
			buildConfigurations = (
				C7AC6AAB23663D3100542250 /* Debug */,
				C7AC6AAC23663D3100542250 /* Release */,
			);
			defaultConfigurationIsVisible = 0;
			defaultConfigurationName = Release;
		};
		C7AC6AAD23663D3100542250 /* Build configuration list for PBXNativeTarget "iMPRESENT" */ = {
			isa = XCConfigurationList;
			buildConfigurations = (
				C7AC6AAE23663D3100542250 /* Debug */,
				C7AC6AAF23663D3100542250 /* Release */,
			);
			defaultConfigurationIsVisible = 0;
			defaultConfigurationName = Release;
		};
		C7AC6AB023663D3100542250 /* Build configuration list for PBXNativeTarget "iMPRESENTTests" */ = {
			isa = XCConfigurationList;
			buildConfigurations = (
				C7AC6AB123663D3100542250 /* Debug */,
				C7AC6AB223663D3100542250 /* Release */,
			);
			defaultConfigurationIsVisible = 0;
			defaultConfigurationName = Release;
		};
		C7AC6AB323663D3100542250 /* Build configuration list for PBXNativeTarget "iMPRESENTUITests" */ = {
			isa = XCConfigurationList;
			buildConfigurations = (
				C7AC6AB423663D3100542250 /* Debug */,
				C7AC6AB523663D3100542250 /* Release */,
			);
			defaultConfigurationIsVisible = 0;
			defaultConfigurationName = Release;
		};
/* End XCConfigurationList section */
	};
	rootObject = C7AC6A7D23663D2F00542250 /* Project object */;
}
